
Microsoft Visual Studio Solution File, Format Version 12.00
# Visual Studio Version 17
VisualStudioVersion = 17.11.35327.3
MinimumVisualStudioVersion = 10.0.40219.1
Project("{FAE04EC0-301F-11D3-BF4B-00C04F79EFBC}") = "Drive-File-Uploader-v3", "Drive-File-Uploader-v3.csproj", "{8F71BAF8-6DC1-4FA3-8023-7AFADCB11738}"
EndProject
Global
	GlobalSection(SolutionConfigurationPlatforms) = preSolution
		Debug|Any CPU = Debug|Any CPU
		Release|Any CPU = Release|Any CPU
	EndGlobalSection
	GlobalSection(ProjectConfigurationPlatforms) = postSolution
		{8F71BAF8-6DC1-4FA3-8023-7AFADCB11738}.Debug|Any CPU.ActiveCfg = Debug|Any CPU
		{8F71BAF8-6DC1-4FA3-8023-7AFADCB11738}.Debug|Any CPU.Build.0 = Debug|Any CPU
		{8F71BAF8-6DC1-4FA3-8023-7AFADCB11738}.Release|Any CPU.ActiveCfg = Release|Any CPU
		{8F71BAF8-6DC1-4FA3-8023-7AFADCB11738}.Release|Any CPU.Build.0 = Release|Any CPU
	EndGlobalSection
	GlobalSection(SolutionProperties) = preSolution
		HideSolutionNode = FALSE
	EndGlobalSection
	GlobalSection(ExtensibilityGlobals) = postSolution
		SolutionGuid = {811615B8-2FB4-452C-8F22-878FC6C8CA75}
	EndGlobalSection
EndGlobal
